
Microsoft Visual Studio Solution File, Format Version 12.00
# Visual Studio Express 2012 for Web
Project("{FAE04EC0-301F-11D3-BF4B-00C04F79EFBC}") = "ESPrint", "ESPrint.csproj", "{C266243F-C7E4-4586-AFA2-CD0D8C3D484B}"
EndProject
Global
	GlobalSection(SolutionConfigurationPlatforms) = preSolution
		Debug|Any CPU = Debug|Any CPU
		Release|Any CPU = Release|Any CPU
	EndGlobalSection
	GlobalSection(ProjectConfigurationPlatforms) = postSolution
		{C266243F-C7E4-4586-AFA2-CD0D8C3D484B}.Debug|Any CPU.ActiveCfg = Debug|Any CPU
		{C266243F-C7E4-4586-AFA2-CD0D8C3D484B}.Debug|Any CPU.Build.0 = Debug|Any CPU
		{C266243F-C7E4-4586-AFA2-CD0D8C3D484B}.Release|Any CPU.ActiveCfg = Release|Any CPU
		{C266243F-C7E4-4586-AFA2-CD0D8C3D484B}.Release|Any CPU.Build.0 = Release|Any CPU
	EndGlobalSection
	GlobalSection(SolutionProperties) = preSolution
		HideSolutionNode = FALSE
	EndGlobalSection
EndGlobal
